// !$*UTF8*$!
{
	archiveVersion = 1;
	classes = {
	};
	objectVersion = 56;
	objects = {

/* Begin PBXBuildFile section */
		2B9875892C50ED0300C4CFB0 /* AppDelegate.swift in Sources */ = {isa = PBXBuildFile; fileRef = 2B9875882C50ED0300C4CFB0 /* AppDelegate.swift */; };
		2B98758B2C50ED0300C4CFB0 /* SceneDelegate.swift in Sources */ = {isa = PBXBuildFile; fileRef = 2B98758A2C50ED0300C4CFB0 /* SceneDelegate.swift */; };
		2B98758D2C50ED0300C4CFB0 /* ViewController.swift in Sources */ = {isa = PBXBuildFile; fileRef = 2B98758C2C50ED0300C4CFB0 /* ViewController.swift */; };
		2B9875902C50ED0300C4CFB0 /* Base in Resources */ = {isa = PBXBuildFile; fileRef = 2B98758F2C50ED0300C4CFB0 /* Base */; };
		2B9875922C50ED0400C4CFB0 /* Assets.xcassets in Resources */ = {isa = PBXBuildFile; fileRef = 2B9875912C50ED0400C4CFB0 /* Assets.xcassets */; };
		2B9875952C50ED0400C4CFB0 /* Base in Resources */ = {isa = PBXBuildFile; fileRef = 2B9875942C50ED0400C4CFB0 /* Base */; };
		2B9875A02C50ED0400C4CFB0 /* iOS_LowVersion_URLProtocol_DemoTests.swift in Sources */ = {isa = PBXBuildFile; fileRef = 2B98759F2C50ED0400C4CFB0 /* iOS_LowVersion_URLProtocol_DemoTests.swift */; };
		2B9875AA2C50ED0400C4CFB0 /* iOS_LowVersion_URLProtocol_DemoUITests.swift in Sources */ = {isa = PBXBuildFile; fileRef = 2B9875A92C50ED0400C4CFB0 /* iOS_LowVersion_URLProtocol_DemoUITests.swift */; };
		2B9875AC2C50ED0400C4CFB0 /* iOS_LowVersion_URLProtocol_DemoUITestsLaunchTests.swift in Sources */ = {isa = PBXBuildFile; fileRef = 2B9875AB2C50ED0400C4CFB0 /* iOS_LowVersion_URLProtocol_DemoUITestsLaunchTests.swift */; };
		2B9875B92C50ED1D00C4CFB0 /* CustomURLProtocol.swift in Sources */ = {isa = PBXBuildFile; fileRef = 2B9875B82C50ED1D00C4CFB0 /* CustomURLProtocol.swift */; };
		2B9875BB2C50F40B00C4CFB0 /* test.png in Resources */ = {isa = PBXBuildFile; fileRef = 2B9875BA2C50F40B00C4CFB0 /* test.png */; };
/* End PBXBuildFile section */

/* Begin PBXContainerItemProxy section */
		2B98759C2C50ED0400C4CFB0 /* PBXContainerItemProxy */ = {
			isa = PBXContainerItemProxy;
			containerPortal = 2B98757D2C50ED0300C4CFB0 /* Project object */;
			proxyType = 1;
			remoteGlobalIDString = 2B9875842C50ED0300C4CFB0;
			remoteInfo = "iOS-LowVersion-URLProtocol-Demo";
		};
		2B9875A62C50ED0400C4CFB0 /* PBXContainerItemProxy */ = {
			isa = PBXContainerItemProxy;
			containerPortal = 2B98757D2C50ED0300C4CFB0 /* Project object */;
			proxyType = 1;
			remoteGlobalIDString = 2B9875842C50ED0300C4CFB0;
			remoteInfo = "iOS-LowVersion-URLProtocol-Demo";
		};
/* End PBXContainerItemProxy section */

/* Begin PBXFileReference section */
		2B9875852C50ED0300C4CFB0 /* iOS-LowVersion-URLProtocol-Demo.app */ = {isa = PBXFileReference; explicitFileType = wrapper.application; includeInIndex = 0; path = "iOS-LowVersion-URLProtocol-Demo.app"; sourceTree = BUILT_PRODUCTS_DIR; };
		2B9875882C50ED0300C4CFB0 /* AppDelegate.swift */ = {isa = PBXFileReference; lastKnownFileType = sourcecode.swift; path = AppDelegate.swift; sourceTree = "<group>"; };
		2B98758A2C50ED0300C4CFB0 /* SceneDelegate.swift */ = {isa = PBXFileReference; lastKnownFileType = sourcecode.swift; path = SceneDelegate.swift; sourceTree = "<group>"; };
		2B98758C2C50ED0300C4CFB0 /* ViewController.swift */ = {isa = PBXFileReference; lastKnownFileType = sourcecode.swift; path = ViewController.swift; sourceTree = "<group>"; };
		2B98758F2C50ED0300C4CFB0 /* Base */ = {isa = PBXFileReference; lastKnownFileType = file.storyboard; name = Base; path = Base.lproj/Main.storyboard; sourceTree = "<group>"; };
		2B9875912C50ED0400C4CFB0 /* Assets.xcassets */ = {isa = PBXFileReference; lastKnownFileType = folder.assetcatalog; path = Assets.xcassets; sourceTree = "<group>"; };
		2B9875942C50ED0400C4CFB0 /* Base */ = {isa = PBXFileReference; lastKnownFileType = file.storyboard; name = Base; path = Base.lproj/LaunchScreen.storyboard; sourceTree = "<group>"; };
		2B9875962C50ED0400C4CFB0 /* Info.plist */ = {isa = PBXFileReference; lastKnownFileType = text.plist.xml; path = Info.plist; sourceTree = "<group>"; };
		2B98759B2C50ED0400C4CFB0 /* iOS-LowVersion-URLProtocol-DemoTests.xctest */ = {isa = PBXFileReference; explicitFileType = wrapper.cfbundle; includeInIndex = 0; path = "iOS-LowVersion-URLProtocol-DemoTests.xctest"; sourceTree = BUILT_PRODUCTS_DIR; };
		2B98759F2C50ED0400C4CFB0 /* iOS_LowVersion_URLProtocol_DemoTests.swift */ = {isa = PBXFileReference; lastKnownFileType = sourcecode.swift; path = iOS_LowVersion_URLProtocol_DemoTests.swift; sourceTree = "<group>"; };
		2B9875A52C50ED0400C4CFB0 /* iOS-LowVersion-URLProtocol-DemoUITests.xctest */ = {isa = PBXFileReference; explicitFileType = wrapper.cfbundle; includeInIndex = 0; path = "iOS-LowVersion-URLProtocol-DemoUITests.xctest"; sourceTree = BUILT_PRODUCTS_DIR; };
		2B9875A92C50ED0400C4CFB0 /* iOS_LowVersion_URLProtocol_DemoUITests.swift */ = {isa = PBXFileReference; lastKnownFileType = sourcecode.swift; path = iOS_LowVersion_URLProtocol_DemoUITests.swift; sourceTree = "<group>"; };
		2B9875AB2C50ED0400C4CFB0 /* iOS_LowVersion_URLProtocol_DemoUITestsLaunchTests.swift */ = {isa = PBXFileReference; lastKnownFileType = sourcecode.swift; path = iOS_LowVersion_URLProtocol_DemoUITestsLaunchTests.swift; sourceTree = "<group>"; };
		2B9875B82C50ED1D00C4CFB0 /* CustomURLProtocol.swift */ = {isa = PBXFileReference; lastKnownFileType = sourcecode.swift; path = CustomURLProtocol.swift; sourceTree = "<group>"; };
		2B9875BA2C50F40B00C4CFB0 /* test.png */ = {isa = PBXFileReference; lastKnownFileType = image.png; name = test.png; path = ../../test.png; sourceTree = "<group>"; };
/* End PBXFileReference section */

/* Begin PBXFrameworksBuildPhase section */
		2B9875822C50ED0300C4CFB0 /* Frameworks */ = {
			isa = PBXFrameworksBuildPhase;
			buildActionMask = 2147483647;
			files = (
			);
			runOnlyForDeploymentPostprocessing = 0;
		};
		2B9875982C50ED0400C4CFB0 /* Frameworks */ = {
			isa = PBXFrameworksBuildPhase;
			buildActionMask = 2147483647;
			files = (
			);
			runOnlyForDeploymentPostprocessing = 0;
		};
		2B9875A22C50ED0400C4CFB0 /* Frameworks */ = {
			isa = PBXFrameworksBuildPhase;
			buildActionMask = 2147483647;
			files = (
			);
			runOnlyForDeploymentPostprocessing = 0;
		};
/* End PBXFrameworksBuildPhase section */

/* Begin PBXGroup section */
		2B98757C2C50ED0300C4CFB0 = {
			isa = PBXGroup;
			children = (
				2B9875872C50ED0300C4CFB0 /* iOS-LowVersion-URLProtocol-Demo */,
				2B98759E2C50ED0400C4CFB0 /* iOS-LowVersion-URLProtocol-DemoTests */,
				2B9875A82C50ED0400C4CFB0 /* iOS-LowVersion-URLProtocol-DemoUITests */,
				2B9875862C50ED0300C4CFB0 /* Products */,
			);
			sourceTree = "<group>";
		};
		2B9875862C50ED0300C4CFB0 /* Products */ = {
			isa = PBXGroup;
			children = (
				2B9875852C50ED0300C4CFB0 /* iOS-LowVersion-URLProtocol-Demo.app */,
				2B98759B2C50ED0400C4CFB0 /* iOS-LowVersion-URLProtocol-DemoTests.xctest */,
				2B9875A52C50ED0400C4CFB0 /* iOS-LowVersion-URLProtocol-DemoUITests.xctest */,
			);
			name = Products;
			sourceTree = "<group>";
		};
		2B9875872C50ED0300C4CFB0 /* iOS-LowVersion-URLProtocol-Demo */ = {
			isa = PBXGroup;
			children = (
				2B9875882C50ED0300C4CFB0 /* AppDelegate.swift */,
				2B98758A2C50ED0300C4CFB0 /* SceneDelegate.swift */,
				2B98758C2C50ED0300C4CFB0 /* ViewController.swift */,
				2B9875BA2C50F40B00C4CFB0 /* test.png */,
				2B9875B82C50ED1D00C4CFB0 /* CustomURLProtocol.swift */,
				2B98758E2C50ED0300C4CFB0 /* Main.storyboard */,
				2B9875912C50ED0400C4CFB0 /* Assets.xcassets */,
				2B9875932C50ED0400C4CFB0 /* LaunchScreen.storyboard */,
				2B9875962C50ED0400C4CFB0 /* Info.plist */,
			);
			path = "iOS-LowVersion-URLProtocol-Demo";
			sourceTree = "<group>";
		};
		2B98759E2C50ED0400C4CFB0 /* iOS-LowVersion-URLProtocol-DemoTests */ = {
			isa = PBXGroup;
			children = (
				2B98759F2C50ED0400C4CFB0 /* iOS_LowVersion_URLProtocol_DemoTests.swift */,
			);
			path = "iOS-LowVersion-URLProtocol-DemoTests";
			sourceTree = "<group>";
		};
		2B9875A82C50ED0400C4CFB0 /* iOS-LowVersion-URLProtocol-DemoUITests */ = {
			isa = PBXGroup;
			children = (
				2B9875A92C50ED0400C4CFB0 /* iOS_LowVersion_URLProtocol_DemoUITests.swift */,
				2B9875AB2C50ED0400C4CFB0 /* iOS_LowVersion_URLProtocol_DemoUITestsLaunchTests.swift */,
			);
			path = "iOS-LowVersion-URLProtocol-DemoUITests";
			sourceTree = "<group>";
		};
/* End PBXGroup section */

/* Begin PBXNativeTarget section */
		2B9875842C50ED0300C4CFB0 /* iOS-LowVersion-URLProtocol-Demo */ = {
			isa = PBXNativeTarget;
			buildConfigurationList = 2B9875AF2C50ED0400C4CFB0 /* Build configuration list for PBXNativeTarget "iOS-LowVersion-URLProtocol-Demo" */;
			buildPhases = (
				2B9875812C50ED0300C4CFB0 /* Sources */,
				2B9875822C50ED0300C4CFB0 /* Frameworks */,
				2B9875832C50ED0300C4CFB0 /* Resources */,
			);
			buildRules = (
			);
			dependencies = (
			);
			name = "iOS-LowVersion-URLProtocol-Demo";
			productName = "iOS-LowVersion-URLProtocol-Demo";
			productReference = 2B9875852C50ED0300C4CFB0 /* iOS-LowVersion-URLProtocol-Demo.app */;
			productType = "com.apple.product-type.application";
		};
		2B98759A2C50ED0400C4CFB0 /* iOS-LowVersion-URLProtocol-DemoTests */ = {
			isa = PBXNativeTarget;
			buildConfigurationList = 2B9875B22C50ED0400C4CFB0 /* Build configuration list for PBXNativeTarget "iOS-LowVersion-URLProtocol-DemoTests" */;
			buildPhases = (
				2B9875972C50ED0400C4CFB0 /* Sources */,
				2B9875982C50ED0400C4CFB0 /* Frameworks */,
				2B9875992C50ED0400C4CFB0 /* Resources */,
			);
			buildRules = (
			);
			dependencies = (
				2B98759D2C50ED0400C4CFB0 /* PBXTargetDependency */,
			);
			name = "iOS-LowVersion-URLProtocol-DemoTests";
			productName = "iOS-LowVersion-URLProtocol-DemoTests";
			productReference = 2B98759B2C50ED0400C4CFB0 /* iOS-LowVersion-URLProtocol-DemoTests.xctest */;
			productType = "com.apple.product-type.bundle.unit-test";
		};
		2B9875A42C50ED0400C4CFB0 /* iOS-LowVersion-URLProtocol-DemoUITests */ = {
			isa = PBXNativeTarget;
			buildConfigurationList = 2B9875B52C50ED0400C4CFB0 /* Build configuration list for PBXNativeTarget "iOS-LowVersion-URLProtocol-DemoUITests" */;
			buildPhases = (
				2B9875A12C50ED0400C4CFB0 /* Sources */,
				2B9875A22C50ED0400C4CFB0 /* Frameworks */,
				2B9875A32C50ED0400C4CFB0 /* Resources */,
			);
			buildRules = (
			);
			dependencies = (
				2B9875A72C50ED0400C4CFB0 /* PBXTargetDependency */,
			);
			name = "iOS-LowVersion-URLProtocol-DemoUITests";
			productName = "iOS-LowVersion-URLProtocol-DemoUITests";
			productReference = 2B9875A52C50ED0400C4CFB0 /* iOS-LowVersion-URLProtocol-DemoUITests.xctest */;
			productType = "com.apple.product-type.bundle.ui-testing";
		};
/* End PBXNativeTarget section */

/* Begin PBXProject section */
		2B98757D2C50ED0300C4CFB0 /* Project object */ = {
			isa = PBXProject;
			attributes = {
				BuildIndependentTargetsInParallel = 1;
				LastSwiftUpdateCheck = 1540;
				LastUpgradeCheck = 1540;
				TargetAttributes = {
					2B9875842C50ED0300C4CFB0 = {
						CreatedOnToolsVersion = 15.4;
					};
					2B98759A2C50ED0400C4CFB0 = {
						CreatedOnToolsVersion = 15.4;
						TestTargetID = 2B9875842C50ED0300C4CFB0;
					};
					2B9875A42C50ED0400C4CFB0 = {
						CreatedOnToolsVersion = 15.4;
						TestTargetID = 2B9875842C50ED0300C4CFB0;
					};
				};
			};
			buildConfigurationList = 2B9875802C50ED0300C4CFB0 /* Build configuration list for PBXProject "iOS-LowVersion-URLProtocol-Demo" */;
			compatibilityVersion = "Xcode 14.0";
			developmentRegion = en;
			hasScannedForEncodings = 0;
			knownRegions = (
				en,
				Base,
			);
			mainGroup = 2B98757C2C50ED0300C4CFB0;
			productRefGroup = 2B9875862C50ED0300C4CFB0 /* Products */;
			projectDirPath = "";
			projectRoot = "";
			targets = (
				2B9875842C50ED0300C4CFB0 /* iOS-LowVersion-URLProtocol-Demo */,
				2B98759A2C50ED0400C4CFB0 /* iOS-LowVersion-URLProtocol-DemoTests */,
				2B9875A42C50ED0400C4CFB0 /* iOS-LowVersion-URLProtocol-DemoUITests */,
			);
		};
/* End PBXProject section */

/* Begin PBXResourcesBuildPhase section */
		2B9875832C50ED0300C4CFB0 /* Resources */ = {
			isa = PBXResourcesBuildPhase;
			buildActionMask = 2147483647;
			files = (
				2B9875922C50ED0400C4CFB0 /* Assets.xcassets in Resources */,
				2B9875952C50ED0400C4CFB0 /* Base in Resources */,
				2B9875BB2C50F40B00C4CFB0 /* test.png in Resources */,
				2B9875902C50ED0300C4CFB0 /* Base in Resources */,
			);
			runOnlyForDeploymentPostprocessing = 0;
		};
		2B9875992C50ED0400C4CFB0 /* Resources */ = {
			isa = PBXResourcesBuildPhase;
			buildActionMask = 2147483647;
			files = (
			);
			runOnlyForDeploymentPostprocessing = 0;
		};
		2B9875A32C50ED0400C4CFB0 /* Resources */ = {
			isa = PBXResourcesBuildPhase;
			buildActionMask = 2147483647;
			files = (
			);
			runOnlyForDeploymentPostprocessing = 0;
		};
/* End PBXResourcesBuildPhase section */

/* Begin PBXSourcesBuildPhase section */
		2B9875812C50ED0300C4CFB0 /* Sources */ = {
			isa = PBXSourcesBuildPhase;
			buildActionMask = 2147483647;
			files = (
				2B98758D2C50ED0300C4CFB0 /* ViewController.swift in Sources */,
				2B9875892C50ED0300C4CFB0 /* AppDelegate.swift in Sources */,
				2B9875B92C50ED1D00C4CFB0 /* CustomURLProtocol.swift in Sources */,
				2B98758B2C50ED0300C4CFB0 /* SceneDelegate.swift in Sources */,
			);
			runOnlyForDeploymentPostprocessing = 0;
		};
		2B9875972C50ED0400C4CFB0 /* Sources */ = {
			isa = PBXSourcesBuildPhase;
			buildActionMask = 2147483647;
			files = (
				2B9875A02C50ED0400C4CFB0 /* iOS_LowVersion_URLProtocol_DemoTests.swift in Sources */,
			);
			runOnlyForDeploymentPostprocessing = 0;
		};
		2B9875A12C50ED0400C4CFB0 /* Sources */ = {
			isa = PBXSourcesBuildPhase;
			buildActionMask = 2147483647;
			files = (
				2B9875AA2C50ED0400C4CFB0 /* iOS_LowVersion_URLProtocol_DemoUITests.swift in Sources */,
				2B9875AC2C50ED0400C4CFB0 /* iOS_LowVersion_URLProtocol_DemoUITestsLaunchTests.swift in Sources */,
			);
			runOnlyForDeploymentPostprocessing = 0;
		};
/* End PBXSourcesBuildPhase section */

/* Begin PBXTargetDependency section */
		2B98759D2C50ED0400C4CFB0 /* PBXTargetDependency */ = {
			isa = PBXTargetDependency;
			target = 2B9875842C50ED0300C4CFB0 /* iOS-LowVersion-URLProtocol-Demo */;
			targetProxy = 2B98759C2C50ED0400C4CFB0 /* PBXContainerItemProxy */;
		};
		2B9875A72C50ED0400C4CFB0 /* PBXTargetDependency */ = {
			isa = PBXTargetDependency;
			target = 2B9875842C50ED0300C4CFB0 /* iOS-LowVersion-URLProtocol-Demo */;
			targetProxy = 2B9875A62C50ED0400C4CFB0 /* PBXContainerItemProxy */;
		};
/* End PBXTargetDependency section */

/* Begin PBXVariantGroup section */
		2B98758E2C50ED0300C4CFB0 /* Main.storyboard */ = {
			isa = PBXVariantGroup;
			children = (
				2B98758F2C50ED0300C4CFB0 /* Base */,
			);
			name = Main.storyboard;
			sourceTree = "<group>";
		};
		2B9875932C50ED0400C4CFB0 /* LaunchScreen.storyboard */ = {
			isa = PBXVariantGroup;
			children = (
				2B9875942C50ED0400C4CFB0 /* Base */,
			);
			name = LaunchScreen.storyboard;
			sourceTree = "<group>";
		};
/* End PBXVariantGroup section */

/* Begin XCBuildConfiguration section */
		2B9875AD2C50ED0400C4CFB0 /* Debug */ = {
			isa = XCBuildConfiguration;
			buildSettings = {
				ALWAYS_SEARCH_USER_PATHS = NO;
				ASSETCATALOG_COMPILER_GENERATE_SWIFT_ASSET_SYMBOL_EXTENSIONS = YES;
				CLANG_ANALYZER_NONNULL = YES;
				CLANG_ANALYZER_NUMBER_OBJECT_CONVERSION = YES_AGGRESSIVE;
				CLANG_CXX_LANGUAGE_STANDARD = "gnu++20";
				CLANG_ENABLE_MODULES = YES;
				CLANG_ENABLE_OBJC_ARC = YES;
				CLANG_ENABLE_OBJC_WEAK = YES;
				CLANG_WARN_BLOCK_CAPTURE_AUTORELEASING = YES;
				CLANG_WARN_BOOL_CONVERSION = YES;
				CLANG_WARN_COMMA = YES;
				CLANG_WARN_CONSTANT_CONVERSION = YES;
				CLANG_WARN_DEPRECATED_OBJC_IMPLEMENTATIONS = YES;
				CLANG_WARN_DIRECT_OBJC_ISA_USAGE = YES_ERROR;
				CLANG_WARN_DOCUMENTATION_COMMENTS = YES;
				CLANG_WARN_EMPTY_BODY = YES;
				CLANG_WARN_ENUM_CONVERSION = YES;
				CLANG_WARN_INFINITE_RECURSION = YES;
				CLANG_WARN_INT_CONVERSION = YES;
				CLANG_WARN_NON_LITERAL_NULL_CONVERSION = YES;
				CLANG_WARN_OBJC_IMPLICIT_RETAIN_SELF = YES;
				CLANG_WARN_OBJC_LITERAL_CONVERSION = YES;
				CLANG_WARN_OBJC_ROOT_CLASS = YES_ERROR;
				CLANG_WARN_QUOTED_INCLUDE_IN_FRAMEWORK_HEADER = YES;
				CLANG_WARN_RANGE_LOOP_ANALYSIS = YES;
				CLANG_WARN_STRICT_PROTOTYPES = YES;
				CLANG_WARN_SUSPICIOUS_MOVE = YES;
				CLANG_WARN_UNGUARDED_AVAILABILITY = YES_AGGRESSIVE;
				CLANG_WARN_UNREACHABLE_CODE = YES;
				CLANG_WARN__DUPLICATE_METHOD_MATCH = YES;
				COPY_PHASE_STRIP = NO;
				DEBUG_INFORMATION_FORMAT = dwarf;
				ENABLE_STRICT_OBJC_MSGSEND = YES;
				ENABLE_TESTABILITY = YES;
				ENABLE_USER_SCRIPT_SANDBOXING = YES;
				GCC_C_LANGUAGE_STANDARD = gnu17;
				GCC_DYNAMIC_NO_PIC = NO;
				GCC_NO_COMMON_BLOCKS = YES;
				GCC_OPTIMIZATION_LEVEL = 0;
				GCC_PREPROCESSOR_DEFINITIONS = (
					"DEBUG=1",
					"$(inherited)",
				);
				GCC_WARN_64_TO_32_BIT_CONVERSION = YES;
				GCC_WARN_ABOUT_RETURN_TYPE = YES_ERROR;
				GCC_WARN_UNDECLARED_SELECTOR = YES;
				GCC_WARN_UNINITIALIZED_AUTOS = YES_AGGRESSIVE;
				GCC_WARN_UNUSED_FUNCTION = YES;
				GCC_WARN_UNUSED_VARIABLE = YES;
				IPHONEOS_DEPLOYMENT_TARGET = 17.5;
				LOCALIZATION_PREFERS_STRING_CATALOGS = YES;
				MTL_ENABLE_DEBUG_INFO = INCLUDE_SOURCE;
				MTL_FAST_MATH = YES;
				ONLY_ACTIVE_ARCH = YES;
				SDKROOT = iphoneos;
				SWIFT_ACTIVE_COMPILATION_CONDITIONS = "DEBUG $(inherited)";
				SWIFT_OPTIMIZATION_LEVEL = "-Onone";
			};
			name = Debug;
		};
		2B9875AE2C50ED0400C4CFB0 /* Release */ = {
			isa = XCBuildConfiguration;
			buildSettings = {
				ALWAYS_SEARCH_USER_PATHS = NO;
				ASSETCATALOG_COMPILER_GENERATE_SWIFT_ASSET_SYMBOL_EXTENSIONS = YES;
				CLANG_ANALYZER_NONNULL = YES;
				CLANG_ANALYZER_NUMBER_OBJECT_CONVERSION = YES_AGGRESSIVE;
				CLANG_CXX_LANGUAGE_STANDARD = "gnu++20";
				CLANG_ENABLE_MODULES = YES;
				CLANG_ENABLE_OBJC_ARC = YES;
				CLANG_ENABLE_OBJC_WEAK = YES;
				CLANG_WARN_BLOCK_CAPTURE_AUTORELEASING = YES;
				CLANG_WARN_BOOL_CONVERSION = YES;
				CLANG_WARN_COMMA = YES;
				CLANG_WARN_CONSTANT_CONVERSION = YES;
				CLANG_WARN_DEPRECATED_OBJC_IMPLEMENTATIONS = YES;
				CLANG_WARN_DIRECT_OBJC_ISA_USAGE = YES_ERROR;
				CLANG_WARN_DOCUMENTATION_COMMENTS = YES;
				CLANG_WARN_EMPTY_BODY = YES;
				CLANG_WARN_ENUM_CONVERSION = YES;
				CLANG_WARN_INFINITE_RECURSION = YES;
				CLANG_WARN_INT_CONVERSION = YES;
				CLANG_WARN_NON_LITERAL_NULL_CONVERSION = YES;
				CLANG_WARN_OBJC_IMPLICIT_RETAIN_SELF = YES;
				CLANG_WARN_OBJC_LITERAL_CONVERSION = YES;
				CLANG_WARN_OBJC_ROOT_CLASS = YES_ERROR;
				CLANG_WARN_QUOTED_INCLUDE_IN_FRAMEWORK_HEADER = YES;
				CLANG_WARN_RANGE_LOOP_ANALYSIS = YES;
				CLANG_WARN_STRICT_PROTOTYPES = YES;
				CLANG_WARN_SUSPICIOUS_MOVE = YES;
				CLANG_WARN_UNGUARDED_AVAILABILITY = YES_AGGRESSIVE;
				CLANG_WARN_UNREACHABLE_CODE = YES;
				CLANG_WARN__DUPLICATE_METHOD_MATCH = YES;
				COPY_PHASE_STRIP = NO;
				DEBUG_INFORMATION_FORMAT = "dwarf-with-dsym";
				ENABLE_NS_ASSERTIONS = NO;
				ENABLE_STRICT_OBJC_MSGSEND = YES;
				ENABLE_USER_SCRIPT_SANDBOXING = YES;
				GCC_C_LANGUAGE_STANDARD = gnu17;
				GCC_NO_COMMON_BLOCKS = YES;
				GCC_WARN_64_TO_32_BIT_CONVERSION = YES;
				GCC_WARN_ABOUT_RETURN_TYPE = YES_ERROR;
				GCC_WARN_UNDECLARED_SELECTOR = YES;
				GCC_WARN_UNINITIALIZED_AUTOS = YES_AGGRESSIVE;
				GCC_WARN_UNUSED_FUNCTION = YES;
				GCC_WARN_UNUSED_VARIABLE = YES;
				IPHONEOS_DEPLOYMENT_TARGET = 17.5;
				LOCALIZATION_PREFERS_STRING_CATALOGS = YES;
				MTL_ENABLE_DEBUG_INFO = NO;
				MTL_FAST_MATH = YES;
				SDKROOT = iphoneos;
				SWIFT_COMPILATION_MODE = wholemodule;
				VALIDATE_PRODUCT = YES;
			};
			name = Release;
		};
		2B9875B02C50ED0400C4CFB0 /* Debug */ = {
			isa = XCBuildConfiguration;
			buildSettings = {
				ASSETCATALOG_COMPILER_APPICON_NAME = AppIcon;
				ASSETCATALOG_COMPILER_GLOBAL_ACCENT_COLOR_NAME = AccentColor;
				CODE_SIGN_STYLE = Automatic;
				CURRENT_PROJECT_VERSION = 1;
				GENERATE_INFOPLIST_FILE = YES;
				INFOPLIST_FILE = "iOS-LowVersion-URLProtocol-Demo/Info.plist";
				INFOPLIST_KEY_UIApplicationSupportsIndirectInputEvents = YES;
				INFOPLIST_KEY_UILaunchStoryboardName = LaunchScreen;
				INFOPLIST_KEY_UIMainStoryboardFile = Main;
				INFOPLIST_KEY_UISupportedInterfaceOrientations_iPad = "UIInterfaceOrientationPortrait UIInterfaceOrientationPortraitUpsideDown UIInterfaceOrientationLandscapeLeft UIInterfaceOrientationLandscapeRight";
				INFOPLIST_KEY_UISupportedInterfaceOrientations_iPhone = "UIInterfaceOrientationPortrait UIInterfaceOrientationLandscapeLeft UIInterfaceOrientationLandscapeRight";
				LD_RUNPATH_SEARCH_PATHS = (
					"$(inherited)",
					"@executable_path/Frameworks",
				);
				MARKETING_VERSION = 1.0;
				PRODUCT_BUNDLE_IDENTIFIER = "demo.iOS-LowVersion-URLProtocol-Demo";
				PRODUCT_NAME = "$(TARGET_NAME)";
				SWIFT_EMIT_LOC_STRINGS = YES;
				SWIFT_VERSION = 5.0;
				TARGETED_DEVICE_FAMILY = "1,2";
			};
			name = Debug;
		};
		2B9875B12C50ED0400C4CFB0 /* Release */ = {
			isa = XCBuildConfiguration;
			buildSettings = {
				ASSETCATALOG_COMPILER_APPICON_NAME = AppIcon;
				ASSETCATALOG_COMPILER_GLOBAL_ACCENT_COLOR_NAME = AccentColor;
				CODE_SIGN_STYLE = Automatic;
				CURRENT_PROJECT_VERSION = 1;
				GENERATE_INFOPLIST_FILE = YES;
				INFOPLIST_FILE = "iOS-LowVersion-URLProtocol-Demo/Info.plist";
				INFOPLIST_KEY_UIApplicationSupportsIndirectInputEvents = YES;
				INFOPLIST_KEY_UILaunchStoryboardName = LaunchScreen;
				INFOPLIST_KEY_UIMainStoryboardFile = Main;
				INFOPLIST_KEY_UISupportedInterfaceOrientations_iPad = "UIInterfaceOrientationPortrait UIInterfaceOrientationPortraitUpsideDown UIInterfaceOrientationLandscapeLeft UIInterfaceOrientationLandscapeRight";
				INFOPLIST_KEY_UISupportedInterfaceOrientations_iPhone = "UIInterfaceOrientationPortrait UIInterfaceOrientationLandscapeLeft UIInterfaceOrientationLandscapeRight";
				LD_RUNPATH_SEARCH_PATHS = (
					"$(inherited)",
					"@executable_path/Frameworks",
				);
				MARKETING_VERSION = 1.0;
				PRODUCT_BUNDLE_IDENTIFIER = "demo.iOS-LowVersion-URLProtocol-Demo";
				PRODUCT_NAME = "$(TARGET_NAME)";
				SWIFT_EMIT_LOC_STRINGS = YES;
				SWIFT_VERSION = 5.0;
				TARGETED_DEVICE_FAMILY = "1,2";
			};
			name = Release;
		};
		2B9875B32C50ED0400C4CFB0 /* Debug */ = {
			isa = XCBuildConfiguration;
			buildSettings = {
				ALWAYS_EMBED_SWIFT_STANDARD_LIBRARIES = YES;
				BUNDLE_LOADER = "$(TEST_HOST)";
				CODE_SIGN_STYLE = Automatic;
				CURRENT_PROJECT_VERSION = 1;
				GENERATE_INFOPLIST_FILE = YES;
				IPHONEOS_DEPLOYMENT_TARGET = 17.5;
				MARKETING_VERSION = 1.0;
				PRODUCT_BUNDLE_IDENTIFIER = "demo.iOS-LowVersion-URLProtocol-DemoTests";
				PRODUCT_NAME = "$(TARGET_NAME)";
				SWIFT_EMIT_LOC_STRINGS = NO;
				SWIFT_VERSION = 5.0;
				TARGETED_DEVICE_FAMILY = "1,2";
				TEST_HOST = "$(BUILT_PRODUCTS_DIR)/iOS-LowVersion-URLProtocol-Demo.app/$(BUNDLE_EXECUTABLE_FOLDER_PATH)/iOS-LowVersion-URLProtocol-Demo";
			};
			name = Debug;
		};
		2B9875B42C50ED0400C4CFB0 /* Release */ = {
			isa = XCBuildConfiguration;
			buildSettings = {
				ALWAYS_EMBED_SWIFT_STANDARD_LIBRARIES = YES;
				BUNDLE_LOADER = "$(TEST_HOST)";
				CODE_SIGN_STYLE = Automatic;
				CURRENT_PROJECT_VERSION = 1;
				GENERATE_INFOPLIST_FILE = YES;
				IPHONEOS_DEPLOYMENT_TARGET = 17.5;
				MARKETING_VERSION = 1.0;
				PRODUCT_BUNDLE_IDENTIFIER = "demo.iOS-LowVersion-URLProtocol-DemoTests";
				PRODUCT_NAME = "$(TARGET_NAME)";
				SWIFT_EMIT_LOC_STRINGS = NO;
				SWIFT_VERSION = 5.0;
				TARGETED_DEVICE_FAMILY = "1,2";
				TEST_HOST = "$(BUILT_PRODUCTS_DIR)/iOS-LowVersion-URLProtocol-Demo.app/$(BUNDLE_EXECUTABLE_FOLDER_PATH)/iOS-LowVersion-URLProtocol-Demo";
			};
			name = Release;
		};
		2B9875B62C50ED0400C4CFB0 /* Debug */ = {
			isa = XCBuildConfiguration;
			buildSettings = {
				ALWAYS_EMBED_SWIFT_STANDARD_LIBRARIES = YES;
				CODE_SIGN_STYLE = Automatic;
				CURRENT_PROJECT_VERSION = 1;
				GENERATE_INFOPLIST_FILE = YES;
				MARKETING_VERSION = 1.0;
				PRODUCT_BUNDLE_IDENTIFIER = "demo.iOS-LowVersion-URLProtocol-DemoUITests";
				PRODUCT_NAME = "$(TARGET_NAME)";
				SWIFT_EMIT_LOC_STRINGS = NO;
				SWIFT_VERSION = 5.0;
				TARGETED_DEVICE_FAMILY = "1,2";
				TEST_TARGET_NAME = "iOS-LowVersion-URLProtocol-Demo";
			};
			name = Debug;
		};
		2B9875B72C50ED0400C4CFB0 /* Release */ = {
			isa = XCBuildConfiguration;
			buildSettings = {
				ALWAYS_EMBED_SWIFT_STANDARD_LIBRARIES = YES;
				CODE_SIGN_STYLE = Automatic;
				CURRENT_PROJECT_VERSION = 1;
				GENERATE_INFOPLIST_FILE = YES;
				MARKETING_VERSION = 1.0;
				PRODUCT_BUNDLE_IDENTIFIER = "demo.iOS-LowVersion-URLProtocol-DemoUITests";
				PRODUCT_NAME = "$(TARGET_NAME)";
				SWIFT_EMIT_LOC_STRINGS = NO;
				SWIFT_VERSION = 5.0;
				TARGETED_DEVICE_FAMILY = "1,2";
				TEST_TARGET_NAME = "iOS-LowVersion-URLProtocol-Demo";
			};
			name = Release;
		};
/* End XCBuildConfiguration section */

/* Begin XCConfigurationList section */
		2B9875802C50ED0300C4CFB0 /* Build configuration list for PBXProject "iOS-LowVersion-URLProtocol-Demo" */ = {
			isa = XCConfigurationList;
			buildConfigurations = (
				2B9875AD2C50ED0400C4CFB0 /* Debug */,
				2B9875AE2C50ED0400C4CFB0 /* Release */,
			);
			defaultConfigurationIsVisible = 0;
			defaultConfigurationName = Release;
		};
		2B9875AF2C50ED0400C4CFB0 /* Build configuration list for PBXNativeTarget "iOS-LowVersion-URLProtocol-Demo" */ = {
			isa = XCConfigurationList;
			buildConfigurations = (
				2B9875B02C50ED0400C4CFB0 /* Debug */,
				2B9875B12C50ED0400C4CFB0 /* Release */,
			);
			defaultConfigurationIsVisible = 0;
			defaultConfigurationName = Release;
		};
		2B9875B22C50ED0400C4CFB0 /* Build configuration list for PBXNativeTarget "iOS-LowVersion-URLProtocol-DemoTests" */ = {
			isa = XCConfigurationList;
			buildConfigurations = (
				2B9875B32C50ED0400C4CFB0 /* Debug */,
				2B9875B42C50ED0400C4CFB0 /* Release */,
			);
			defaultConfigurationIsVisible = 0;
			defaultConfigurationName = Release;
		};
		2B9875B52C50ED0400C4CFB0 /* Build configuration list for PBXNativeTarget "iOS-LowVersion-URLProtocol-DemoUITests" */ = {
			isa = XCConfigurationList;
			buildConfigurations = (
				2B9875B62C50ED0400C4CFB0 /* Debug */,
				2B9875B72C50ED0400C4CFB0 /* Release */,
			);
			defaultConfigurationIsVisible = 0;
			defaultConfigurationName = Release;
		};
/* End XCConfigurationList section */
	};
	rootObject = 2B98757D2C50ED0300C4CFB0 /* Project object */;
}
